
Microsoft Visual Studio Solution File, Format Version 12.00
# Visual Studio Version 17
VisualStudioVersion = 17.0.31903.59
MinimumVisualStudioVersion = 10.0.40219.1
Project("{2150E333-8FDC-42A3-9474-1A3956D46DE8}") = "src", "src", "{827E0CD3-B72D-47B6-A68D-7590B98EB39B}"
EndProject
Project("{FAE04EC0-301F-11D3-BF4B-00C04F79EFBC}") = "Movies.Api", "src\Movies.Api\Movies.Api.csproj", "{ABD82472-CAF1-4FD4-88DB-DBAAA73EC0D3}"
EndProject
Project("{FAE04EC0-301F-11D3-BF4B-00C04F79EFBC}") = "Movies.Application", "src\Movies.Application\Movies.Application.csproj", "{DAD8A8AF-5A56-4656-9A15-A8F096024DB8}"
EndProject
Project("{FAE04EC0-301F-11D3-BF4B-00C04F79EFBC}") = "Movies.Contracts", "src\Movies.Contracts\Movies.Contracts.csproj", "{D080FE76-6504-409A-9FD7-1A93FE3F764E}"
EndProject
Project("{FAE04EC0-301F-11D3-BF4B-00C04F79EFBC}") = "Movies.Api.Sdk", "src\Movies.Api.Sdk\Movies.Api.Sdk.csproj", "{9FEBE048-C715-4427-B063-EB7A1D79AF15}"
EndProject
Project("{FAE04EC0-301F-11D3-BF4B-00C04F79EFBC}") = "Movies.Api.Sdk.Consumer", "src\Movies.Api.Sdk.Consumer\Movies.Api.Sdk.Consumer.csproj", "{BA007518-B460-42C9-B8A2-4EB656B158AE}"
EndProject
Global
	GlobalSection(SolutionConfigurationPlatforms) = preSolution
		Debug|Any CPU = Debug|Any CPU
		Debug|x64 = Debug|x64
		Debug|x86 = Debug|x86
		Release|Any CPU = Release|Any CPU
		Release|x64 = Release|x64
		Release|x86 = Release|x86
	EndGlobalSection
	GlobalSection(ProjectConfigurationPlatforms) = postSolution
		{ABD82472-CAF1-4FD4-88DB-DBAAA73EC0D3}.Debug|Any CPU.ActiveCfg = Debug|Any CPU
		{ABD82472-CAF1-4FD4-88DB-DBAAA73EC0D3}.Debug|Any CPU.Build.0 = Debug|Any CPU
		{ABD82472-CAF1-4FD4-88DB-DBAAA73EC0D3}.Debug|x64.ActiveCfg = Debug|Any CPU
		{ABD82472-CAF1-4FD4-88DB-DBAAA73EC0D3}.Debug|x64.Build.0 = Debug|Any CPU
		{ABD82472-CAF1-4FD4-88DB-DBAAA73EC0D3}.Debug|x86.ActiveCfg = Debug|Any CPU
		{ABD82472-CAF1-4FD4-88DB-DBAAA73EC0D3}.Debug|x86.Build.0 = Debug|Any CPU
		{ABD82472-CAF1-4FD4-88DB-DBAAA73EC0D3}.Release|Any CPU.ActiveCfg = Release|Any CPU
		{ABD82472-CAF1-4FD4-88DB-DBAAA73EC0D3}.Release|Any CPU.Build.0 = Release|Any CPU
		{ABD82472-CAF1-4FD4-88DB-DBAAA73EC0D3}.Release|x64.ActiveCfg = Release|Any CPU
		{ABD82472-CAF1-4FD4-88DB-DBAAA73EC0D3}.Release|x64.Build.0 = Release|Any CPU
		{ABD82472-CAF1-4FD4-88DB-DBAAA73EC0D3}.Release|x86.ActiveCfg = Release|Any CPU
		{ABD82472-CAF1-4FD4-88DB-DBAAA73EC0D3}.Release|x86.Build.0 = Release|Any CPU
		{DAD8A8AF-5A56-4656-9A15-A8F096024DB8}.Debug|Any CPU.ActiveCfg = Debug|Any CPU
		{DAD8A8AF-5A56-4656-9A15-A8F096024DB8}.Debug|Any CPU.Build.0 = Debug|Any CPU
		{DAD8A8AF-5A56-4656-9A15-A8F096024DB8}.Debug|x64.ActiveCfg = Debug|Any CPU
		{DAD8A8AF-5A56-4656-9A15-A8F096024DB8}.Debug|x64.Build.0 = Debug|Any CPU
		{DAD8A8AF-5A56-4656-9A15-A8F096024DB8}.Debug|x86.ActiveCfg = Debug|Any CPU
		{DAD8A8AF-5A56-4656-9A15-A8F096024DB8}.Debug|x86.Build.0 = Debug|Any CPU
		{DAD8A8AF-5A56-4656-9A15-A8F096024DB8}.Release|Any CPU.ActiveCfg = Release|Any CPU
		{DAD8A8AF-5A56-4656-9A15-A8F096024DB8}.Release|Any CPU.Build.0 = Release|Any CPU
		{DAD8A8AF-5A56-4656-9A15-A8F096024DB8}.Release|x64.ActiveCfg = Release|Any CPU
		{DAD8A8AF-5A56-4656-9A15-A8F096024DB8}.Release|x64.Build.0 = Release|Any CPU
		{DAD8A8AF-5A56-4656-9A15-A8F096024DB8}.Release|x86.ActiveCfg = Release|Any CPU
		{DAD8A8AF-5A56-4656-9A15-A8F096024DB8}.Release|x86.Build.0 = Release|Any CPU
		{D080FE76-6504-409A-9FD7-1A93FE3F764E}.Debug|Any CPU.ActiveCfg = Debug|Any CPU
		{D080FE76-6504-409A-9FD7-1A93FE3F764E}.Debug|Any CPU.Build.0 = Debug|Any CPU
		{D080FE76-6504-409A-9FD7-1A93FE3F764E}.Debug|x64.ActiveCfg = Debug|Any CPU
		{D080FE76-6504-409A-9FD7-1A93FE3F764E}.Debug|x64.Build.0 = Debug|Any CPU
		{D080FE76-6504-409A-9FD7-1A93FE3F764E}.Debug|x86.ActiveCfg = Debug|Any CPU
		{D080FE76-6504-409A-9FD7-1A93FE3F764E}.Debug|x86.Build.0 = Debug|Any CPU
		{D080FE76-6504-409A-9FD7-1A93FE3F764E}.Release|Any CPU.ActiveCfg = Release|Any CPU
		{D080FE76-6504-409A-9FD7-1A93FE3F764E}.Release|Any CPU.Build.0 = Release|Any CPU
		{D080FE76-6504-409A-9FD7-1A93FE3F764E}.Release|x64.ActiveCfg = Release|Any CPU
		{D080FE76-6504-409A-9FD7-1A93FE3F764E}.Release|x64.Build.0 = Release|Any CPU
		{D080FE76-6504-409A-9FD7-1A93FE3F764E}.Release|x86.ActiveCfg = Release|Any CPU
		{D080FE76-6504-409A-9FD7-1A93FE3F764E}.Release|x86.Build.0 = Release|Any CPU
		{9FEBE048-C715-4427-B063-EB7A1D79AF15}.Debug|Any CPU.ActiveCfg = Debug|Any CPU
		{9FEBE048-C715-4427-B063-EB7A1D79AF15}.Debug|Any CPU.Build.0 = Debug|Any CPU
		{9FEBE048-C715-4427-B063-EB7A1D79AF15}.Debug|x64.ActiveCfg = Debug|Any CPU
		{9FEBE048-C715-4427-B063-EB7A1D79AF15}.Debug|x64.Build.0 = Debug|Any CPU
		{9FEBE048-C715-4427-B063-EB7A1D79AF15}.Debug|x86.ActiveCfg = Debug|Any CPU
		{9FEBE048-C715-4427-B063-EB7A1D79AF15}.Debug|x86.Build.0 = Debug|Any CPU
		{9FEBE048-C715-4427-B063-EB7A1D79AF15}.Release|Any CPU.ActiveCfg = Release|Any CPU
		{9FEBE048-C715-4427-B063-EB7A1D79AF15}.Release|Any CPU.Build.0 = Release|Any CPU
		{9FEBE048-C715-4427-B063-EB7A1D79AF15}.Release|x64.ActiveCfg = Release|Any CPU
		{9FEBE048-C715-4427-B063-EB7A1D79AF15}.Release|x64.Build.0 = Release|Any CPU
		{9FEBE048-C715-4427-B063-EB7A1D79AF15}.Release|x86.ActiveCfg = Release|Any CPU
		{9FEBE048-C715-4427-B063-EB7A1D79AF15}.Release|x86.Build.0 = Release|Any CPU
		{BA007518-B460-42C9-B8A2-4EB656B158AE}.Debug|Any CPU.ActiveCfg = Debug|Any CPU
		{BA007518-B460-42C9-B8A2-4EB656B158AE}.Debug|Any CPU.Build.0 = Debug|Any CPU
		{BA007518-B460-42C9-B8A2-4EB656B158AE}.Debug|x64.ActiveCfg = Debug|Any CPU
		{BA007518-B460-42C9-B8A2-4EB656B158AE}.Debug|x64.Build.0 = Debug|Any CPU
		{BA007518-B460-42C9-B8A2-4EB656B158AE}.Debug|x86.ActiveCfg = Debug|Any CPU
		{BA007518-B460-42C9-B8A2-4EB656B158AE}.Debug|x86.Build.0 = Debug|Any CPU
		{BA007518-B460-42C9-B8A2-4EB656B158AE}.Release|Any CPU.ActiveCfg = Release|Any CPU
		{BA007518-B460-42C9-B8A2-4EB656B158AE}.Release|Any CPU.Build.0 = Release|Any CPU
		{BA007518-B460-42C9-B8A2-4EB656B158AE}.Release|x64.ActiveCfg = Release|Any CPU
		{BA007518-B460-42C9-B8A2-4EB656B158AE}.Release|x64.Build.0 = Release|Any CPU
		{BA007518-B460-42C9-B8A2-4EB656B158AE}.Release|x86.ActiveCfg = Release|Any CPU
		{BA007518-B460-42C9-B8A2-4EB656B158AE}.Release|x86.Build.0 = Release|Any CPU
	EndGlobalSection
	GlobalSection(SolutionProperties) = preSolution
		HideSolutionNode = FALSE
	EndGlobalSection
	GlobalSection(NestedProjects) = preSolution
		{ABD82472-CAF1-4FD4-88DB-DBAAA73EC0D3} = {827E0CD3-B72D-47B6-A68D-7590B98EB39B}
		{DAD8A8AF-5A56-4656-9A15-A8F096024DB8} = {827E0CD3-B72D-47B6-A68D-7590B98EB39B}
		{D080FE76-6504-409A-9FD7-1A93FE3F764E} = {827E0CD3-B72D-47B6-A68D-7590B98EB39B}
		{9FEBE048-C715-4427-B063-EB7A1D79AF15} = {827E0CD3-B72D-47B6-A68D-7590B98EB39B}
		{BA007518-B460-42C9-B8A2-4EB656B158AE} = {827E0CD3-B72D-47B6-A68D-7590B98EB39B}
	EndGlobalSection
EndGlobal
